
Microsoft Visual Studio Solution File, Format Version 12.00
# Visual Studio Version 17
Project("{2150E333-8FDC-42A3-9474-1A3956D46DE8}") = "CMakePredefinedTargets", "CMakePredefinedTargets", "{4F76D11B-3787-3418-89AA-F4978988594E}"
EndProject
Project("{8BC9CEB8-8B4A-11D0-8D11-00A0C91BC942}") = "ALL_BUILD", "ALL_BUILD.vcxproj", "{0B25BB1A-4329-36C9-ADF4-D95712B1C7CB}"
	ProjectSection(ProjectDependencies) = postProject
		{BE0F26C2-53BC-3FC0-ADD2-E0710B63F73E} = {BE0F26C2-53BC-3FC0-ADD2-E0710B63F73E}
	EndProjectSection
EndProject
Project("{8BC9CEB8-8B4A-11D0-8D11-00A0C91BC942}") = "ZERO_CHECK", "ZERO_CHECK.vcxproj", "{BE0F26C2-53BC-3FC0-ADD2-E0710B63F73E}"
	ProjectSection(ProjectDependencies) = postProject
	EndProjectSection
EndProject
Global
	GlobalSection(SolutionConfigurationPlatforms) = preSolution
		Debug|x64 = Debug|x64
		Release|x64 = Release|x64
		MinSizeRel|x64 = MinSizeRel|x64
		RelWithDebInfo|x64 = RelWithDebInfo|x64
	EndGlobalSection
	GlobalSection(ProjectConfigurationPlatforms) = postSolution
		{0B25BB1A-4329-36C9-ADF4-D95712B1C7CB}.Debug|x64.ActiveCfg = Debug|x64
		{0B25BB1A-4329-36C9-ADF4-D95712B1C7CB}.Release|x64.ActiveCfg = Release|x64
		{0B25BB1A-4329-36C9-ADF4-D95712B1C7CB}.MinSizeRel|x64.ActiveCfg = MinSizeRel|x64
		{0B25BB1A-4329-36C9-ADF4-D95712B1C7CB}.RelWithDebInfo|x64.ActiveCfg = RelWithDebInfo|x64
		{BE0F26C2-53BC-3FC0-ADD2-E0710B63F73E}.Debug|x64.ActiveCfg = Debug|x64
		{BE0F26C2-53BC-3FC0-ADD2-E0710B63F73E}.Debug|x64.Build.0 = Debug|x64
		{BE0F26C2-53BC-3FC0-ADD2-E0710B63F73E}.Release|x64.ActiveCfg = Release|x64
		{BE0F26C2-53BC-3FC0-ADD2-E0710B63F73E}.Release|x64.Build.0 = Release|x64
		{BE0F26C2-53BC-3FC0-ADD2-E0710B63F73E}.MinSizeRel|x64.ActiveCfg = MinSizeRel|x64
		{BE0F26C2-53BC-3FC0-ADD2-E0710B63F73E}.MinSizeRel|x64.Build.0 = MinSizeRel|x64
		{BE0F26C2-53BC-3FC0-ADD2-E0710B63F73E}.RelWithDebInfo|x64.ActiveCfg = RelWithDebInfo|x64
		{BE0F26C2-53BC-3FC0-ADD2-E0710B63F73E}.RelWithDebInfo|x64.Build.0 = RelWithDebInfo|x64
	EndGlobalSection
	GlobalSection(NestedProjects) = preSolution
		{0B25BB1A-4329-36C9-ADF4-D95712B1C7CB} = {4F76D11B-3787-3418-89AA-F4978988594E}
		{BE0F26C2-53BC-3FC0-ADD2-E0710B63F73E} = {4F76D11B-3787-3418-89AA-F4978988594E}
	EndGlobalSection
	GlobalSection(ExtensibilityGlobals) = postSolution
		SolutionGuid = {EA4B7E3E-0DDB-3E9D-A319-BC5FA666C2D7}
	EndGlobalSection
	GlobalSection(ExtensibilityAddIns) = postSolution
	EndGlobalSection
EndGlobal
